
Microsoft Visual Studio Solution File, Format Version 12.00
# Visual Studio Version 17
VisualStudioVersion = 17.14.36429.23 d17.14
MinimumVisualStudioVersion = 10.0.40219.1
Project("{FAE04EC0-301F-11D3-BF4B-00C04F79EFBC}") = "FileManagerInterfaceMockup", "FileManagerInterfaceMockup\FileManagerInterfaceMockup.csproj", "{D1FA1355-58DE-4E00-8E5A-22BE9D33DD09}"
EndProject
Global
	GlobalSection(SolutionConfigurationPlatforms) = preSolution
		Debug|Any CPU = Debug|Any CPU
		Release|Any CPU = Release|Any CPU
	EndGlobalSection
	GlobalSection(ProjectConfigurationPlatforms) = postSolution
		{D1FA1355-58DE-4E00-8E5A-22BE9D33DD09}.Debug|Any CPU.ActiveCfg = Debug|Any CPU
		{D1FA1355-58DE-4E00-8E5A-22BE9D33DD09}.Debug|Any CPU.Build.0 = Debug|Any CPU
		{D1FA1355-58DE-4E00-8E5A-22BE9D33DD09}.Release|Any CPU.ActiveCfg = Release|Any CPU
		{D1FA1355-58DE-4E00-8E5A-22BE9D33DD09}.Release|Any CPU.Build.0 = Release|Any CPU
	EndGlobalSection
	GlobalSection(SolutionProperties) = preSolution
		HideSolutionNode = FALSE
	EndGlobalSection
	GlobalSection(ExtensibilityGlobals) = postSolution
		SolutionGuid = {ED9EBAEC-EF61-4C4E-BEA2-BEA79CE34BCC}
	EndGlobalSection
EndGlobal
